// !$*UTF8*$!
{
	archiveVersion = 1;
	classes = {
	};
	objectVersion = 56;
	objects = {

/* Begin PBXBuildFile section */
		400997C52A69D5A000FC436B /* Service.swift in Sources */ = {isa = PBXBuildFile; fileRef = 400997C42A69D5A000FC436B /* Service.swift */; };
		400997D02A69DB6100FC436B /* NetworkError.swift in Sources */ = {isa = PBXBuildFile; fileRef = 400997CF2A69DB6100FC436B /* NetworkError.swift */; };
		402CDFD02A69E77400F635C3 /* PostItem.swift in Sources */ = {isa = PBXBuildFile; fileRef = 402CDFCF2A69E77400F635C3 /* PostItem.swift */; };
		40C79B182A69B81000F405F5 /* URLSessionAndCombineApp.swift in Sources */ = {isa = PBXBuildFile; fileRef = 40C79B172A69B81000F405F5 /* URLSessionAndCombineApp.swift */; };
		40C79B1A2A69B81000F405F5 /* ContentView.swift in Sources */ = {isa = PBXBuildFile; fileRef = 40C79B192A69B81000F405F5 /* ContentView.swift */; };
		40C79B1C2A69B81200F405F5 /* Assets.xcassets in Resources */ = {isa = PBXBuildFile; fileRef = 40C79B1B2A69B81200F405F5 /* Assets.xcassets */; };
		40C79B1F2A69B81200F405F5 /* Preview Assets.xcassets in Resources */ = {isa = PBXBuildFile; fileRef = 40C79B1E2A69B81200F405F5 /* Preview Assets.xcassets */; };
		40C79B262A69B9F000F405F5 /* ContentViewModel.swift in Sources */ = {isa = PBXBuildFile; fileRef = 40C79B252A69B9F000F405F5 /* ContentViewModel.swift */; };
		40C79B282A69BA2E00F405F5 /* Post.swift in Sources */ = {isa = PBXBuildFile; fileRef = 40C79B272A69BA2E00F405F5 /* Post.swift */; };
/* End PBXBuildFile section */

/* Begin PBXFileReference section */
		400997C42A69D5A000FC436B /* Service.swift */ = {isa = PBXFileReference; lastKnownFileType = sourcecode.swift; path = Service.swift; sourceTree = "<group>"; };
		400997CF2A69DB6100FC436B /* NetworkError.swift */ = {isa = PBXFileReference; lastKnownFileType = sourcecode.swift; path = NetworkError.swift; sourceTree = "<group>"; };
		402CDFCF2A69E77400F635C3 /* PostItem.swift */ = {isa = PBXFileReference; fileEncoding = 4; lastKnownFileType = sourcecode.swift; name = PostItem.swift; path = URLSessionAndCombine/Core/View/PostItem.swift; sourceTree = SOURCE_ROOT; };
		40C79B142A69B81000F405F5 /* URLSessionAndCombine.app */ = {isa = PBXFileReference; explicitFileType = wrapper.application; includeInIndex = 0; path = URLSessionAndCombine.app; sourceTree = BUILT_PRODUCTS_DIR; };
		40C79B172A69B81000F405F5 /* URLSessionAndCombineApp.swift */ = {isa = PBXFileReference; lastKnownFileType = sourcecode.swift; path = URLSessionAndCombineApp.swift; sourceTree = "<group>"; };
		40C79B192A69B81000F405F5 /* ContentView.swift */ = {isa = PBXFileReference; lastKnownFileType = sourcecode.swift; path = ContentView.swift; sourceTree = "<group>"; };
		40C79B1B2A69B81200F405F5 /* Assets.xcassets */ = {isa = PBXFileReference; lastKnownFileType = folder.assetcatalog; path = Assets.xcassets; sourceTree = "<group>"; };
		40C79B1E2A69B81200F405F5 /* Preview Assets.xcassets */ = {isa = PBXFileReference; lastKnownFileType = folder.assetcatalog; path = "Preview Assets.xcassets"; sourceTree = "<group>"; };
		40C79B252A69B9F000F405F5 /* ContentViewModel.swift */ = {isa = PBXFileReference; lastKnownFileType = sourcecode.swift; path = ContentViewModel.swift; sourceTree = "<group>"; };
		40C79B272A69BA2E00F405F5 /* Post.swift */ = {isa = PBXFileReference; lastKnownFileType = sourcecode.swift; path = Post.swift; sourceTree = "<group>"; };
/* End PBXFileReference section */

/* Begin PBXFrameworksBuildPhase section */
		40C79B112A69B81000F405F5 /* Frameworks */ = {
			isa = PBXFrameworksBuildPhase;
			buildActionMask = 2147483647;
			files = (
			);
			runOnlyForDeploymentPostprocessing = 0;
		};
/* End PBXFrameworksBuildPhase section */

/* Begin PBXGroup section */
		400997C62A69D67900FC436B /* Data */ = {
			isa = PBXGroup;
			children = (
				400997CF2A69DB6100FC436B /* NetworkError.swift */,
				400997C42A69D5A000FC436B /* Service.swift */,
			);
			path = Data;
			sourceTree = "<group>";
		};
		400997C92A69D6B900FC436B /* Core */ = {
			isa = PBXGroup;
			children = (
				400997CA2A69D6C200FC436B /* Model */,
				400997CB2A69D6CC00FC436B /* View */,
				400997CC2A69D6E400FC436B /* ViewModel */,
			);
			path = Core;
			sourceTree = "<group>";
		};
		400997CA2A69D6C200FC436B /* Model */ = {
			isa = PBXGroup;
			children = (
				40C79B272A69BA2E00F405F5 /* Post.swift */,
				402CDFCF2A69E77400F635C3 /* PostItem.swift */,
			);
			path = Model;
			sourceTree = "<group>";
		};
		400997CB2A69D6CC00FC436B /* View */ = {
			isa = PBXGroup;
			children = (
				40C79B192A69B81000F405F5 /* ContentView.swift */,
			);
			path = View;
			sourceTree = "<group>";
		};
		400997CC2A69D6E400FC436B /* ViewModel */ = {
			isa = PBXGroup;
			children = (
				40C79B252A69B9F000F405F5 /* ContentViewModel.swift */,
			);
			path = ViewModel;
			sourceTree = "<group>";
		};
		40C79B0B2A69B81000F405F5 = {
			isa = PBXGroup;
			children = (
				40C79B162A69B81000F405F5 /* URLSessionAndCombine */,
				40C79B152A69B81000F405F5 /* Products */,
			);
			sourceTree = "<group>";
		};
		40C79B152A69B81000F405F5 /* Products */ = {
			isa = PBXGroup;
			children = (
				40C79B142A69B81000F405F5 /* URLSessionAndCombine.app */,
			);
			name = Products;
			sourceTree = "<group>";
		};
		40C79B162A69B81000F405F5 /* URLSessionAndCombine */ = {
			isa = PBXGroup;
			children = (
				40C79B172A69B81000F405F5 /* URLSessionAndCombineApp.swift */,
				400997C62A69D67900FC436B /* Data */,
				400997C92A69D6B900FC436B /* Core */,
				40C79B1B2A69B81200F405F5 /* Assets.xcassets */,
				40C79B1D2A69B81200F405F5 /* Preview Content */,
			);
			path = URLSessionAndCombine;
			sourceTree = "<group>";
		};
		40C79B1D2A69B81200F405F5 /* Preview Content */ = {
			isa = PBXGroup;
			children = (
				40C79B1E2A69B81200F405F5 /* Preview Assets.xcassets */,
			);
			path = "Preview Content";
			sourceTree = "<group>";
		};
/* End PBXGroup section */

/* Begin PBXNativeTarget section */
		40C79B132A69B81000F405F5 /* URLSessionAndCombine */ = {
			isa = PBXNativeTarget;
			buildConfigurationList = 40C79B222A69B81200F405F5 /* Build configuration list for PBXNativeTarget "URLSessionAndCombine" */;
			buildPhases = (
				40C79B102A69B81000F405F5 /* Sources */,
				40C79B112A69B81000F405F5 /* Frameworks */,
				40C79B122A69B81000F405F5 /* Resources */,
			);
			buildRules = (
			);
			dependencies = (
			);
			name = URLSessionAndCombine;
			productName = URLSessionAndCombine;
			productReference = 40C79B142A69B81000F405F5 /* URLSessionAndCombine.app */;
			productType = "com.apple.product-type.application";
		};
/* End PBXNativeTarget section */

/* Begin PBXProject section */
		40C79B0C2A69B81000F405F5 /* Project object */ = {
			isa = PBXProject;
			attributes = {
				BuildIndependentTargetsInParallel = 1;
				LastSwiftUpdateCheck = 1430;
				LastUpgradeCheck = 1430;
				TargetAttributes = {
					40C79B132A69B81000F405F5 = {
						CreatedOnToolsVersion = 14.3.1;
					};
				};
			};
			buildConfigurationList = 40C79B0F2A69B81000F405F5 /* Build configuration list for PBXProject "URLSessionAndCombine" */;
			compatibilityVersion = "Xcode 14.0";
			developmentRegion = en;
			hasScannedForEncodings = 0;
			knownRegions = (
				en,
				Base,
			);
			mainGroup = 40C79B0B2A69B81000F405F5;
			productRefGroup = 40C79B152A69B81000F405F5 /* Products */;
			projectDirPath = "";
			projectRoot = "";
			targets = (
				40C79B132A69B81000F405F5 /* URLSessionAndCombine */,
			);
		};
/* End PBXProject section */

/* Begin PBXResourcesBuildPhase section */
		40C79B122A69B81000F405F5 /* Resources */ = {
			isa = PBXResourcesBuildPhase;
			buildActionMask = 2147483647;
			files = (
				40C79B1F2A69B81200F405F5 /* Preview Assets.xcassets in Resources */,
				40C79B1C2A69B81200F405F5 /* Assets.xcassets in Resources */,
			);
			runOnlyForDeploymentPostprocessing = 0;
		};
/* End PBXResourcesBuildPhase section */

/* Begin PBXSourcesBuildPhase section */
		40C79B102A69B81000F405F5 /* Sources */ = {
			isa = PBXSourcesBuildPhase;
			buildActionMask = 2147483647;
			files = (
				402CDFD02A69E77400F635C3 /* PostItem.swift in Sources */,
				400997D02A69DB6100FC436B /* NetworkError.swift in Sources */,
				40C79B1A2A69B81000F405F5 /* ContentView.swift in Sources */,
				40C79B262A69B9F000F405F5 /* ContentViewModel.swift in Sources */,
				400997C52A69D5A000FC436B /* Service.swift in Sources */,
				40C79B182A69B81000F405F5 /* URLSessionAndCombineApp.swift in Sources */,
				40C79B282A69BA2E00F405F5 /* Post.swift in Sources */,
			);
			runOnlyForDeploymentPostprocessing = 0;
		};
/* End PBXSourcesBuildPhase section */

/* Begin XCBuildConfiguration section */
		40C79B202A69B81200F405F5 /* Debug */ = {
			isa = XCBuildConfiguration;
			buildSettings = {
				ALWAYS_SEARCH_USER_PATHS = NO;
				CLANG_ANALYZER_NONNULL = YES;
				CLANG_ANALYZER_NUMBER_OBJECT_CONVERSION = YES_AGGRESSIVE;
				CLANG_CXX_LANGUAGE_STANDARD = "gnu++20";
				CLANG_ENABLE_MODULES = YES;
				CLANG_ENABLE_OBJC_ARC = YES;
				CLANG_ENABLE_OBJC_WEAK = YES;
				CLANG_WARN_BLOCK_CAPTURE_AUTORELEASING = YES;
				CLANG_WARN_BOOL_CONVERSION = YES;
				CLANG_WARN_COMMA = YES;
				CLANG_WARN_CONSTANT_CONVERSION = YES;
				CLANG_WARN_DEPRECATED_OBJC_IMPLEMENTATIONS = YES;
				CLANG_WARN_DIRECT_OBJC_ISA_USAGE = YES_ERROR;
				CLANG_WARN_DOCUMENTATION_COMMENTS = YES;
				CLANG_WARN_EMPTY_BODY = YES;
				CLANG_WARN_ENUM_CONVERSION = YES;
				CLANG_WARN_INFINITE_RECURSION = YES;
				CLANG_WARN_INT_CONVERSION = YES;
				CLANG_WARN_NON_LITERAL_NULL_CONVERSION = YES;
				CLANG_WARN_OBJC_IMPLICIT_RETAIN_SELF = YES;
				CLANG_WARN_OBJC_LITERAL_CONVERSION = YES;
				CLANG_WARN_OBJC_ROOT_CLASS = YES_ERROR;
				CLANG_WARN_QUOTED_INCLUDE_IN_FRAMEWORK_HEADER = YES;
				CLANG_WARN_RANGE_LOOP_ANALYSIS = YES;
				CLANG_WARN_STRICT_PROTOTYPES = YES;
				CLANG_WARN_SUSPICIOUS_MOVE = YES;
				CLANG_WARN_UNGUARDED_AVAILABILITY = YES_AGGRESSIVE;
				CLANG_WARN_UNREACHABLE_CODE = YES;
				CLANG_WARN__DUPLICATE_METHOD_MATCH = YES;
				COPY_PHASE_STRIP = NO;
				DEBUG_INFORMATION_FORMAT = dwarf;
				ENABLE_STRICT_OBJC_MSGSEND = YES;
				ENABLE_TESTABILITY = YES;
				GCC_C_LANGUAGE_STANDARD = gnu11;
				GCC_DYNAMIC_NO_PIC = NO;
				GCC_NO_COMMON_BLOCKS = YES;
				GCC_OPTIMIZATION_LEVEL = 0;
				GCC_PREPROCESSOR_DEFINITIONS = (
					"DEBUG=1",
					"$(inherited)",
				);
				GCC_WARN_64_TO_32_BIT_CONVERSION = YES;
				GCC_WARN_ABOUT_RETURN_TYPE = YES_ERROR;
				GCC_WARN_UNDECLARED_SELECTOR = YES;
				GCC_WARN_UNINITIALIZED_AUTOS = YES_AGGRESSIVE;
				GCC_WARN_UNUSED_FUNCTION = YES;
				GCC_WARN_UNUSED_VARIABLE = YES;
				IPHONEOS_DEPLOYMENT_TARGET = 16.4;
				MTL_ENABLE_DEBUG_INFO = INCLUDE_SOURCE;
				MTL_FAST_MATH = YES;
				ONLY_ACTIVE_ARCH = YES;
				SDKROOT = iphoneos;
				SWIFT_ACTIVE_COMPILATION_CONDITIONS = DEBUG;
				SWIFT_OPTIMIZATION_LEVEL = "-Onone";
			};
			name = Debug;
		};
		40C79B212A69B81200F405F5 /* Release */ = {
			isa = XCBuildConfiguration;
			buildSettings = {
				ALWAYS_SEARCH_USER_PATHS = NO;
				CLANG_ANALYZER_NONNULL = YES;
				CLANG_ANALYZER_NUMBER_OBJECT_CONVERSION = YES_AGGRESSIVE;
				CLANG_CXX_LANGUAGE_STANDARD = "gnu++20";
				CLANG_ENABLE_MODULES = YES;
				CLANG_ENABLE_OBJC_ARC = YES;
				CLANG_ENABLE_OBJC_WEAK = YES;
				CLANG_WARN_BLOCK_CAPTURE_AUTORELEASING = YES;
				CLANG_WARN_BOOL_CONVERSION = YES;
				CLANG_WARN_COMMA = YES;
				CLANG_WARN_CONSTANT_CONVERSION = YES;
				CLANG_WARN_DEPRECATED_OBJC_IMPLEMENTATIONS = YES;
				CLANG_WARN_DIRECT_OBJC_ISA_USAGE = YES_ERROR;
				CLANG_WARN_DOCUMENTATION_COMMENTS = YES;
				CLANG_WARN_EMPTY_BODY = YES;
				CLANG_WARN_ENUM_CONVERSION = YES;
				CLANG_WARN_INFINITE_RECURSION = YES;
				CLANG_WARN_INT_CONVERSION = YES;
				CLANG_WARN_NON_LITERAL_NULL_CONVERSION = YES;
				CLANG_WARN_OBJC_IMPLICIT_RETAIN_SELF = YES;
				CLANG_WARN_OBJC_LITERAL_CONVERSION = YES;
				CLANG_WARN_OBJC_ROOT_CLASS = YES_ERROR;
				CLANG_WARN_QUOTED_INCLUDE_IN_FRAMEWORK_HEADER = YES;
				CLANG_WARN_RANGE_LOOP_ANALYSIS = YES;
				CLANG_WARN_STRICT_PROTOTYPES = YES;
				CLANG_WARN_SUSPICIOUS_MOVE = YES;
				CLANG_WARN_UNGUARDED_AVAILABILITY = YES_AGGRESSIVE;
				CLANG_WARN_UNREACHABLE_CODE = YES;
				CLANG_WARN__DUPLICATE_METHOD_MATCH = YES;
				COPY_PHASE_STRIP = NO;
				DEBUG_INFORMATION_FORMAT = "dwarf-with-dsym";
				ENABLE_NS_ASSERTIONS = NO;
				ENABLE_STRICT_OBJC_MSGSEND = YES;
				GCC_C_LANGUAGE_STANDARD = gnu11;
				GCC_NO_COMMON_BLOCKS = YES;
				GCC_WARN_64_TO_32_BIT_CONVERSION = YES;
				GCC_WARN_ABOUT_RETURN_TYPE = YES_ERROR;
				GCC_WARN_UNDECLARED_SELECTOR = YES;
				GCC_WARN_UNINITIALIZED_AUTOS = YES_AGGRESSIVE;
				GCC_WARN_UNUSED_FUNCTION = YES;
				GCC_WARN_UNUSED_VARIABLE = YES;
				IPHONEOS_DEPLOYMENT_TARGET = 16.4;
				MTL_ENABLE_DEBUG_INFO = NO;
				MTL_FAST_MATH = YES;
				SDKROOT = iphoneos;
				SWIFT_COMPILATION_MODE = wholemodule;
				SWIFT_OPTIMIZATION_LEVEL = "-O";
				VALIDATE_PRODUCT = YES;
			};
			name = Release;
		};
		40C79B232A69B81200F405F5 /* Debug */ = {
			isa = XCBuildConfiguration;
			buildSettings = {
				ASSETCATALOG_COMPILER_APPICON_NAME = AppIcon;
				ASSETCATALOG_COMPILER_GLOBAL_ACCENT_COLOR_NAME = AccentColor;
				CODE_SIGN_STYLE = Automatic;
				CURRENT_PROJECT_VERSION = 1;
				DEVELOPMENT_ASSET_PATHS = "\"URLSessionAndCombine/Preview Content\"";
				DEVELOPMENT_TEAM = ZB4WP9Z9N6;
				ENABLE_PREVIEWS = YES;
				GENERATE_INFOPLIST_FILE = YES;
				INFOPLIST_KEY_UIApplicationSceneManifest_Generation = YES;
				INFOPLIST_KEY_UIApplicationSupportsIndirectInputEvents = YES;
				INFOPLIST_KEY_UILaunchScreen_Generation = YES;
				INFOPLIST_KEY_UISupportedInterfaceOrientations_iPad = "UIInterfaceOrientationPortrait UIInterfaceOrientationPortraitUpsideDown UIInterfaceOrientationLandscapeLeft UIInterfaceOrientationLandscapeRight";
				INFOPLIST_KEY_UISupportedInterfaceOrientations_iPhone = "UIInterfaceOrientationPortrait UIInterfaceOrientationLandscapeLeft UIInterfaceOrientationLandscapeRight";
				LD_RUNPATH_SEARCH_PATHS = (
					"$(inherited)",
					"@executable_path/Frameworks",
				);
				MARKETING_VERSION = 1.0;
				PRODUCT_BUNDLE_IDENTIFIER = com.jeoffersondelapena.URLSessionAndCombine;
				PRODUCT_NAME = "$(TARGET_NAME)";
				SWIFT_EMIT_LOC_STRINGS = YES;
				SWIFT_VERSION = 5.0;
				TARGETED_DEVICE_FAMILY = "1,2";
			};
			name = Debug;
		};
		40C79B242A69B81200F405F5 /* Release */ = {
			isa = XCBuildConfiguration;
			buildSettings = {
				ASSETCATALOG_COMPILER_APPICON_NAME = AppIcon;
				ASSETCATALOG_COMPILER_GLOBAL_ACCENT_COLOR_NAME = AccentColor;
				CODE_SIGN_STYLE = Automatic;
				CURRENT_PROJECT_VERSION = 1;
				DEVELOPMENT_ASSET_PATHS = "\"URLSessionAndCombine/Preview Content\"";
				DEVELOPMENT_TEAM = ZB4WP9Z9N6;
				ENABLE_PREVIEWS = YES;
				GENERATE_INFOPLIST_FILE = YES;
				INFOPLIST_KEY_UIApplicationSceneManifest_Generation = YES;
				INFOPLIST_KEY_UIApplicationSupportsIndirectInputEvents = YES;
				INFOPLIST_KEY_UILaunchScreen_Generation = YES;
				INFOPLIST_KEY_UISupportedInterfaceOrientations_iPad = "UIInterfaceOrientationPortrait UIInterfaceOrientationPortraitUpsideDown UIInterfaceOrientationLandscapeLeft UIInterfaceOrientationLandscapeRight";
				INFOPLIST_KEY_UISupportedInterfaceOrientations_iPhone = "UIInterfaceOrientationPortrait UIInterfaceOrientationLandscapeLeft UIInterfaceOrientationLandscapeRight";
				LD_RUNPATH_SEARCH_PATHS = (
					"$(inherited)",
					"@executable_path/Frameworks",
				);
				MARKETING_VERSION = 1.0;
				PRODUCT_BUNDLE_IDENTIFIER = com.jeoffersondelapena.URLSessionAndCombine;
				PRODUCT_NAME = "$(TARGET_NAME)";
				SWIFT_EMIT_LOC_STRINGS = YES;
				SWIFT_VERSION = 5.0;
				TARGETED_DEVICE_FAMILY = "1,2";
			};
			name = Release;
		};
/* End XCBuildConfiguration section */

/* Begin XCConfigurationList section */
		40C79B0F2A69B81000F405F5 /* Build configuration list for PBXProject "URLSessionAndCombine" */ = {
			isa = XCConfigurationList;
			buildConfigurations = (
				40C79B202A69B81200F405F5 /* Debug */,
				40C79B212A69B81200F405F5 /* Release */,
			);
			defaultConfigurationIsVisible = 0;
			defaultConfigurationName = Release;
		};
		40C79B222A69B81200F405F5 /* Build configuration list for PBXNativeTarget "URLSessionAndCombine" */ = {
			isa = XCConfigurationList;
			buildConfigurations = (
				40C79B232A69B81200F405F5 /* Debug */,
				40C79B242A69B81200F405F5 /* Release */,
			);
			defaultConfigurationIsVisible = 0;
			defaultConfigurationName = Release;
		};
/* End XCConfigurationList section */
	};
	rootObject = 40C79B0C2A69B81000F405F5 /* Project object */;
}
